
Microsoft Visual Studio Solution File, Format Version 12.00
# Visual Studio Version 16
VisualStudioVersion = 16.0.31205.134
MinimumVisualStudioVersion = 10.0.40219.1
Project("{FAE04EC0-301F-11D3-BF4B-00C04F79EFBC}") = "DataStructureDemo", "DataStructureDemo\DataStructureDemo.csproj", "{B66FCAF3-8D86-42E9-AD40-3107AE2C6619}"
EndProject
Global
	GlobalSection(SolutionConfigurationPlatforms) = preSolution
		Debug|Any CPU = Debug|Any CPU
		Release|Any CPU = Release|Any CPU
	EndGlobalSection
	GlobalSection(ProjectConfigurationPlatforms) = postSolution
		{B66FCAF3-8D86-42E9-AD40-3107AE2C6619}.Debug|Any CPU.ActiveCfg = Debug|Any CPU
		{B66FCAF3-8D86-42E9-AD40-3107AE2C6619}.Debug|Any CPU.Build.0 = Debug|Any CPU
		{B66FCAF3-8D86-42E9-AD40-3107AE2C6619}.Release|Any CPU.ActiveCfg = Release|Any CPU
		{B66FCAF3-8D86-42E9-AD40-3107AE2C6619}.Release|Any CPU.Build.0 = Release|Any CPU
	EndGlobalSection
	GlobalSection(SolutionProperties) = preSolution
		HideSolutionNode = FALSE
	EndGlobalSection
	GlobalSection(ExtensibilityGlobals) = postSolution
		SolutionGuid = {5927D137-9516-45F9-8FC2-38FB43D8A210}
	EndGlobalSection
EndGlobal
